{
    "name": "pre-plugin",
    "lockfileVersion": 2,
    "requires": true,
    "packages": {
        "": {
            "dependencies": {
                "@prettier/plugin-php": "^0.17.2",
                "atob": "^2.1.2",
                "prettier": "^1.15.3"
            }
        },
        "node_modules/@prettier/plugin-php": {
            "version": "0.17.2",
            "resolved": "https://registry.npmjs.org/@prettier/plugin-php/-/plugin-php-0.17.2.tgz",
            "integrity": "sha512-0TB3rrQgCELav68Rkk0EPoanJw4tiT879pSsG4AvuvEHtPBSVHgg+lgYSCCOmdfWfTXAa/lvq5c13r0sdt2vUQ==",
            "dependencies": {
                "linguist-languages": "^7.5.1",
                "mem": "^8.0.0",
                "php-parser": "git+https://github.com/glayzzle/php-parser.git#cca83041d938b972c7ef74648f29de03777b0ea4"
            },
            "peerDependencies": {
                "prettier": "^1.15.0 || ^2.0.0"
            }
        },
        "node_modules/atob": {
            "version": "2.1.2",
            "resolved": "https://registry.npmjs.org/atob/-/atob-2.1.2.tgz",
            "integrity": "sha512-Wm6ukoaOGJi/73p/cl2GvLjTI5JM1k/O14isD73YML8StrH/7/lRFgmg8nICZgD3bZZvjwCGxtMOD3wWNAu8cg==",
            "bin": {
                "atob": "bin/atob.js"
            },
            "engines": {
                "node": ">= 4.5.0"
            }
        },
        "node_modules/linguist-languages": {
            "version": "7.15.0",
            "resolved": "https://registry.npmjs.org/linguist-languages/-/linguist-languages-7.15.0.tgz",
            "integrity": "sha512-qkSSNDjDDycZ2Wcw+GziNBB3nNo3ddYUInM/PL8Amgwbd9RQ/BKGj2/1d6mdxKgBFnUqZuaDbkIwkE4KUwwmtQ=="
        },
        "node_modules/map-age-cleaner": {
            "version": "0.1.3",
            "resolved": "https://registry.npmjs.org/map-age-cleaner/-/map-age-cleaner-0.1.3.tgz",
            "integrity": "sha512-bJzx6nMoP6PDLPBFmg7+xRKeFZvFboMrGlxmNj9ClvX53KrmvM5bXFXEWjbz4cz1AFn+jWJ9z/DJSz7hrs0w3w==",
            "dependencies": {
                "p-defer": "^1.0.0"
            },
            "engines": {
                "node": ">=6"
            }
        },
        "node_modules/mem": {
            "version": "8.1.1",
            "resolved": "https://registry.npmjs.org/mem/-/mem-8.1.1.tgz",
            "integrity": "sha512-qFCFUDs7U3b8mBDPyz5EToEKoAkgCzqquIgi9nkkR9bixxOVOre+09lbuH7+9Kn2NFpm56M3GUWVbU2hQgdACA==",
            "dependencies": {
                "map-age-cleaner": "^0.1.3",
                "mimic-fn": "^3.1.0"
            },
            "engines": {
                "node": ">=10"
            },
            "funding": {
                "url": "https://github.com/sindresorhus/mem?sponsor=1"
            }
        },
        "node_modules/mimic-fn": {
            "version": "3.1.0",
            "resolved": "https://registry.npmjs.org/mimic-fn/-/mimic-fn-3.1.0.tgz",
            "integrity": "sha512-Ysbi9uYW9hFyfrThdDEQuykN4Ey6BuwPD2kpI5ES/nFTDn/98yxYNLZJcgUAKPT/mcrLLKaGzJR9YVxJrIdASQ==",
            "engines": {
                "node": ">=8"
            }
        },
        "node_modules/p-defer": {
            "version": "1.0.0",
            "resolved": "https://registry.npmjs.org/p-defer/-/p-defer-1.0.0.tgz",
            "integrity": "sha1-n26xgvbJqozXQwBKfU+WsZaw+ww=",
            "engines": {
                "node": ">=4"
            }
        },
        "node_modules/php-parser": {
            "version": "3.0.2",
            "resolved": "git+ssh://git@github.com/glayzzle/php-parser.git#cca83041d938b972c7ef74648f29de03777b0ea4",
            "integrity": "sha512-vJ/XFo5WiPEQzQ4Z+/RY0Fz2RhCR+2eT0GDXUNXNeDm18gxT6MPc7s39Jp3vboNgJ8hbGwXMFOKZ8ZV1PlNABQ==",
            "license": "BSD-3-Clause"
        },
        "node_modules/prettier": {
            "version": "1.15.3",
            "resolved": "https://registry.npmjs.org/prettier/-/prettier-1.15.3.tgz",
            "integrity": "sha512-gAU9AGAPMaKb3NNSUUuhhFAS7SCO4ALTN4nRIn6PJ075Qd28Yn2Ig2ahEJWdJwJmlEBTUfC7mMUSFy8MwsOCfg==",
            "bin": {
                "prettier": "bin-prettier.js"
            },
            "engines": {
                "node": ">=4"
            }
        }
    },
    "dependencies": {
        "@prettier/plugin-php": {
            "version": "0.17.2",
            "resolved": "https://registry.npmjs.org/@prettier/plugin-php/-/plugin-php-0.17.2.tgz",
            "integrity": "sha512-0TB3rrQgCELav68Rkk0EPoanJw4tiT879pSsG4AvuvEHtPBSVHgg+lgYSCCOmdfWfTXAa/lvq5c13r0sdt2vUQ==",
            "requires": {
                "linguist-languages": "^7.5.1",
                "mem": "^8.0.0",
                "php-parser": "git+https://github.com/glayzzle/php-parser.git#cca83041d938b972c7ef74648f29de03777b0ea4"
            }
        },
        "atob": {
            "version": "2.1.2",
            "resolved": "https://registry.npmjs.org/atob/-/atob-2.1.2.tgz",
            "integrity": "sha512-Wm6ukoaOGJi/73p/cl2GvLjTI5JM1k/O14isD73YML8StrH/7/lRFgmg8nICZgD3bZZvjwCGxtMOD3wWNAu8cg=="
        },
        "linguist-languages": {
            "version": "7.15.0",
            "resolved": "https://registry.npmjs.org/linguist-languages/-/linguist-languages-7.15.0.tgz",
            "integrity": "sha512-qkSSNDjDDycZ2Wcw+GziNBB3nNo3ddYUInM/PL8Amgwbd9RQ/BKGj2/1d6mdxKgBFnUqZuaDbkIwkE4KUwwmtQ=="
        },
        "map-age-cleaner": {
            "version": "0.1.3",
            "resolved": "https://registry.npmjs.org/map-age-cleaner/-/map-age-cleaner-0.1.3.tgz",
            "integrity": "sha512-bJzx6nMoP6PDLPBFmg7+xRKeFZvFboMrGlxmNj9ClvX53KrmvM5bXFXEWjbz4cz1AFn+jWJ9z/DJSz7hrs0w3w==",
            "requires": {
                "p-defer": "^1.0.0"
            }
        },
        "mem": {
            "version": "8.1.1",
            "resolved": "https://registry.npmjs.org/mem/-/mem-8.1.1.tgz",
            "integrity": "sha512-qFCFUDs7U3b8mBDPyz5EToEKoAkgCzqquIgi9nkkR9bixxOVOre+09lbuH7+9Kn2NFpm56M3GUWVbU2hQgdACA==",
            "requires": {
                "map-age-cleaner": "^0.1.3",
                "mimic-fn": "^3.1.0"
            }
        },
        "mimic-fn": {
            "version": "3.1.0",
            "resolved": "https://registry.npmjs.org/mimic-fn/-/mimic-fn-3.1.0.tgz",
            "integrity": "sha512-Ysbi9uYW9hFyfrThdDEQuykN4Ey6BuwPD2kpI5ES/nFTDn/98yxYNLZJcgUAKPT/mcrLLKaGzJR9YVxJrIdASQ=="
        },
        "p-defer": {
            "version": "1.0.0",
            "resolved": "https://registry.npmjs.org/p-defer/-/p-defer-1.0.0.tgz",
            "integrity": "sha1-n26xgvbJqozXQwBKfU+WsZaw+ww="
        },
        "php-parser": {
            "version": "git+ssh://git@github.com/glayzzle/php-parser.git#cca83041d938b972c7ef74648f29de03777b0ea4",
            "integrity": "sha512-vJ/XFo5WiPEQzQ4Z+/RY0Fz2RhCR+2eT0GDXUNXNeDm18gxT6MPc7s39Jp3vboNgJ8hbGwXMFOKZ8ZV1PlNABQ==",
            "from": "php-parser@git+https://github.com/glayzzle/php-parser.git#cca83041d938b972c7ef74648f29de03777b0ea4"
        },
        "prettier": {
            "version": "1.15.3",
            "resolved": "https://registry.npmjs.org/prettier/-/prettier-1.15.3.tgz",
            "integrity": "sha512-gAU9AGAPMaKb3NNSUUuhhFAS7SCO4ALTN4nRIn6PJ075Qd28Yn2Ig2ahEJWdJwJmlEBTUfC7mMUSFy8MwsOCfg=="
        }
    }
}
