{
  "requires": true,
  "lockfileVersion": 1,
  "dependencies": {
    "@prettier/plugin-php": {
      "version": "0.8.0",
      "resolved": "https://registry.npmjs.org/@prettier/plugin-php/-/plugin-php-0.8.0.tgz",
      "integrity": "sha512-XOCFo531LEJPR7yYJi0/mnngJ4uoXlK87mq3nZMB47v5H7f7XnYeO9FCxdOosn9D52bVtYSszmhjJHnR7zwWbw==",
      "dev": true,
      "requires": {
        "mem": "^3.0.1",
        "php-parser": "github:glayzzle/php-parser#ca007c812e9920bcf1ae9fd24f1a92f5d5906a5e"
      }
    },
    "mem": {
      "version": "3.0.1",
      "resolved": "https://registry.npmjs.org/mem/-/mem-3.0.1.tgz",
      "integrity": "sha512-QKs47bslvOE0NbXOqG6lMxn6Bk0Iuw0vfrIeLykmQle2LkCw1p48dZDdzE+D88b/xqRJcZGcMNeDvSVma+NuIQ==",
      "dev": true,
      "requires": {
        "mimic-fn": "^1.0.0",
        "p-is-promise": "^1.1.0"
      }
    },
    "mimic-fn": {
      "version": "1.2.0",
      "resolved": "https://registry.npmjs.org/mimic-fn/-/mimic-fn-1.2.0.tgz",
      "integrity": "sha512-jf84uxzwiuiIVKiOLpfYk7N46TSy8ubTonmneY9vrpHNAnp0QBt2BxWV9dO3/j+BoVAb+a5G6YDPW3M5HOdMWQ==",
      "dev": true
    },
    "p-is-promise": {
      "version": "1.1.0",
      "resolved": "http://registry.npmjs.org/p-is-promise/-/p-is-promise-1.1.0.tgz",
      "integrity": "sha1-nJRWmJ6fZYgBewQ01WCXZ1w9oF4=",
      "dev": true
    },
    "php-parser": {
      "version": "github:glayzzle/php-parser#ca007c812e9920bcf1ae9fd24f1a92f5d5906a5e",
      "from": "github:glayzzle/php-parser#ca007c812e9920bcf1ae9fd24f1a92f5d5906a5e",
      "dev": true
    },
    "prettier": {
      "version": "1.14.3",
      "resolved": "https://registry.npmjs.org/prettier/-/prettier-1.14.3.tgz",
      "integrity": "sha512-qZDVnCrnpsRJJq5nSsiHCE3BYMED2OtsI+cmzIzF1QIfqm5ALf8tEJcO27zV1gKNKRPdhjO0dNWnrzssDQ1tFg==",
      "dev": true
    }
  }
}
